
Microsoft Visual Studio Solution File, Format Version 12.00
# Visual Studio Version 16
VisualStudioVersion = 16.0.31410.357
MinimumVisualStudioVersion = 10.0.40219.1
Project("{FAE04EC0-301F-11D3-BF4B-00C04F79EFBC}") = "API_Book", "API_Book\API_Book.csproj", "{6B2B4679-DED2-4F05-B7E7-45BBACC2638D}"
EndProject
Global
	GlobalSection(SolutionConfigurationPlatforms) = preSolution
		Debug|Any CPU = Debug|Any CPU
		Release|Any CPU = Release|Any CPU
	EndGlobalSection
	GlobalSection(ProjectConfigurationPlatforms) = postSolution
		{6B2B4679-DED2-4F05-B7E7-45BBACC2638D}.Debug|Any CPU.ActiveCfg = Debug|Any CPU
		{6B2B4679-DED2-4F05-B7E7-45BBACC2638D}.Debug|Any CPU.Build.0 = Debug|Any CPU
		{6B2B4679-DED2-4F05-B7E7-45BBACC2638D}.Release|Any CPU.ActiveCfg = Release|Any CPU
		{6B2B4679-DED2-4F05-B7E7-45BBACC2638D}.Release|Any CPU.Build.0 = Release|Any CPU
	EndGlobalSection
	GlobalSection(SolutionProperties) = preSolution
		HideSolutionNode = FALSE
	EndGlobalSection
	GlobalSection(ExtensibilityGlobals) = postSolution
		SolutionGuid = {5C18E689-D669-411F-B2D5-62F92C501A68}
	EndGlobalSection
EndGlobal
